// !$*UTF8*$!
{
	archiveVersion = 1;
	classes = {
	};
	objectVersion = 56;
	objects = {

/* Begin PBXBuildFile section */
		2A0288322CA582BD0062DE9A /* AppDelegate.swift in Sources */ = {isa = PBXBuildFile; fileRef = 2A0288312CA582BD0062DE9A /* AppDelegate.swift */; };
		2A0288342CA582BD0062DE9A /* SceneDelegate.swift in Sources */ = {isa = PBXBuildFile; fileRef = 2A0288332CA582BD0062DE9A /* SceneDelegate.swift */; };
		2A0288362CA582BD0062DE9A /* HomeViewController.swift in Sources */ = {isa = PBXBuildFile; fileRef = 2A0288352CA582BD0062DE9A /* HomeViewController.swift */; };
		2A0288392CA582BD0062DE9A /* Base in Resources */ = {isa = PBXBuildFile; fileRef = 2A0288382CA582BD0062DE9A /* Base */; };
		2A02883B2CA582BE0062DE9A /* Assets.xcassets in Resources */ = {isa = PBXBuildFile; fileRef = 2A02883A2CA582BE0062DE9A /* Assets.xcassets */; };
		2A02883E2CA582BE0062DE9A /* Base in Resources */ = {isa = PBXBuildFile; fileRef = 2A02883D2CA582BE0062DE9A /* Base */; };
		2A0288462CA5987C0062DE9A /* TableViewController.swift in Sources */ = {isa = PBXBuildFile; fileRef = 2A0288452CA5987C0062DE9A /* TableViewController.swift */; };
		2A0288482CA59E100062DE9A /* TableViewControllerCell.swift in Sources */ = {isa = PBXBuildFile; fileRef = 2A0288472CA59E100062DE9A /* TableViewControllerCell.swift */; };
		2A02884A2CA5C56B0062DE9A /* AddViewController.swift in Sources */ = {isa = PBXBuildFile; fileRef = 2A0288492CA5C56B0062DE9A /* AddViewController.swift */; };
		2A02884C2CA68E930062DE9A /* BookModel.swift in Sources */ = {isa = PBXBuildFile; fileRef = 2A02884B2CA68E930062DE9A /* BookModel.swift */; };
/* End PBXBuildFile section */

/* Begin PBXFileReference section */
		2A02882E2CA582BD0062DE9A /* KitHub.app */ = {isa = PBXFileReference; explicitFileType = wrapper.application; includeInIndex = 0; path = KitHub.app; sourceTree = BUILT_PRODUCTS_DIR; };
		2A0288312CA582BD0062DE9A /* AppDelegate.swift */ = {isa = PBXFileReference; lastKnownFileType = sourcecode.swift; path = AppDelegate.swift; sourceTree = "<group>"; };
		2A0288332CA582BD0062DE9A /* SceneDelegate.swift */ = {isa = PBXFileReference; lastKnownFileType = sourcecode.swift; path = SceneDelegate.swift; sourceTree = "<group>"; };
		2A0288352CA582BD0062DE9A /* HomeViewController.swift */ = {isa = PBXFileReference; lastKnownFileType = sourcecode.swift; path = HomeViewController.swift; sourceTree = "<group>"; };
		2A0288382CA582BD0062DE9A /* Base */ = {isa = PBXFileReference; lastKnownFileType = file.storyboard; name = Base; path = Base.lproj/Main.storyboard; sourceTree = "<group>"; };
		2A02883A2CA582BE0062DE9A /* Assets.xcassets */ = {isa = PBXFileReference; lastKnownFileType = folder.assetcatalog; path = Assets.xcassets; sourceTree = "<group>"; };
		2A02883D2CA582BE0062DE9A /* Base */ = {isa = PBXFileReference; lastKnownFileType = file.storyboard; name = Base; path = Base.lproj/LaunchScreen.storyboard; sourceTree = "<group>"; };
		2A02883F2CA582BE0062DE9A /* Info.plist */ = {isa = PBXFileReference; lastKnownFileType = text.plist.xml; path = Info.plist; sourceTree = "<group>"; };
		2A0288452CA5987C0062DE9A /* TableViewController.swift */ = {isa = PBXFileReference; lastKnownFileType = sourcecode.swift; path = TableViewController.swift; sourceTree = "<group>"; };
		2A0288472CA59E100062DE9A /* TableViewControllerCell.swift */ = {isa = PBXFileReference; lastKnownFileType = sourcecode.swift; path = TableViewControllerCell.swift; sourceTree = "<group>"; };
		2A0288492CA5C56B0062DE9A /* AddViewController.swift */ = {isa = PBXFileReference; lastKnownFileType = sourcecode.swift; path = AddViewController.swift; sourceTree = "<group>"; };
		2A02884B2CA68E930062DE9A /* BookModel.swift */ = {isa = PBXFileReference; lastKnownFileType = sourcecode.swift; path = BookModel.swift; sourceTree = "<group>"; };
/* End PBXFileReference section */

/* Begin PBXFrameworksBuildPhase section */
		2A02882B2CA582BD0062DE9A /* Frameworks */ = {
			isa = PBXFrameworksBuildPhase;
			buildActionMask = 2147483647;
			files = (
			);
			runOnlyForDeploymentPostprocessing = 0;
		};
/* End PBXFrameworksBuildPhase section */

/* Begin PBXGroup section */
		2A0288252CA582BD0062DE9A = {
			isa = PBXGroup;
			children = (
				2A0288302CA582BD0062DE9A /* KitHub */,
				2A02882F2CA582BD0062DE9A /* Products */,
			);
			sourceTree = "<group>";
		};
		2A02882F2CA582BD0062DE9A /* Products */ = {
			isa = PBXGroup;
			children = (
				2A02882E2CA582BD0062DE9A /* KitHub.app */,
			);
			name = Products;
			sourceTree = "<group>";
		};
		2A0288302CA582BD0062DE9A /* KitHub */ = {
			isa = PBXGroup;
			children = (
				2A0288312CA582BD0062DE9A /* AppDelegate.swift */,
				2A0288332CA582BD0062DE9A /* SceneDelegate.swift */,
				2A0288352CA582BD0062DE9A /* HomeViewController.swift */,
				2A0288452CA5987C0062DE9A /* TableViewController.swift */,
				2A0288492CA5C56B0062DE9A /* AddViewController.swift */,
				2A02884B2CA68E930062DE9A /* BookModel.swift */,
				2A0288472CA59E100062DE9A /* TableViewControllerCell.swift */,
				2A0288372CA582BD0062DE9A /* Main.storyboard */,
				2A02883A2CA582BE0062DE9A /* Assets.xcassets */,
				2A02883C2CA582BE0062DE9A /* LaunchScreen.storyboard */,
				2A02883F2CA582BE0062DE9A /* Info.plist */,
			);
			path = KitHub;
			sourceTree = "<group>";
		};
/* End PBXGroup section */

/* Begin PBXNativeTarget section */
		2A02882D2CA582BD0062DE9A /* KitHub */ = {
			isa = PBXNativeTarget;
			buildConfigurationList = 2A0288422CA582BE0062DE9A /* Build configuration list for PBXNativeTarget "KitHub" */;
			buildPhases = (
				2A02882A2CA582BD0062DE9A /* Sources */,
				2A02882B2CA582BD0062DE9A /* Frameworks */,
				2A02882C2CA582BD0062DE9A /* Resources */,
			);
			buildRules = (
			);
			dependencies = (
			);
			name = KitHub;
			productName = KitHub;
			productReference = 2A02882E2CA582BD0062DE9A /* KitHub.app */;
			productType = "com.apple.product-type.application";
		};
/* End PBXNativeTarget section */

/* Begin PBXProject section */
		2A0288262CA582BD0062DE9A /* Project object */ = {
			isa = PBXProject;
			attributes = {
				BuildIndependentTargetsInParallel = 1;
				LastSwiftUpdateCheck = 1540;
				LastUpgradeCheck = 1540;
				TargetAttributes = {
					2A02882D2CA582BD0062DE9A = {
						CreatedOnToolsVersion = 15.4;
					};
				};
			};
			buildConfigurationList = 2A0288292CA582BD0062DE9A /* Build configuration list for PBXProject "KitHub" */;
			compatibilityVersion = "Xcode 14.0";
			developmentRegion = en;
			hasScannedForEncodings = 0;
			knownRegions = (
				en,
				Base,
			);
			mainGroup = 2A0288252CA582BD0062DE9A;
			productRefGroup = 2A02882F2CA582BD0062DE9A /* Products */;
			projectDirPath = "";
			projectRoot = "";
			targets = (
				2A02882D2CA582BD0062DE9A /* KitHub */,
			);
		};
/* End PBXProject section */

/* Begin PBXResourcesBuildPhase section */
		2A02882C2CA582BD0062DE9A /* Resources */ = {
			isa = PBXResourcesBuildPhase;
			buildActionMask = 2147483647;
			files = (
				2A02883B2CA582BE0062DE9A /* Assets.xcassets in Resources */,
				2A02883E2CA582BE0062DE9A /* Base in Resources */,
				2A0288392CA582BD0062DE9A /* Base in Resources */,
			);
			runOnlyForDeploymentPostprocessing = 0;
		};
/* End PBXResourcesBuildPhase section */

/* Begin PBXSourcesBuildPhase section */
		2A02882A2CA582BD0062DE9A /* Sources */ = {
			isa = PBXSourcesBuildPhase;
			buildActionMask = 2147483647;
			files = (
				2A0288362CA582BD0062DE9A /* HomeViewController.swift in Sources */,
				2A0288322CA582BD0062DE9A /* AppDelegate.swift in Sources */,
				2A02884A2CA5C56B0062DE9A /* AddViewController.swift in Sources */,
				2A0288342CA582BD0062DE9A /* SceneDelegate.swift in Sources */,
				2A0288462CA5987C0062DE9A /* TableViewController.swift in Sources */,
				2A0288482CA59E100062DE9A /* TableViewControllerCell.swift in Sources */,
				2A02884C2CA68E930062DE9A /* BookModel.swift in Sources */,
			);
			runOnlyForDeploymentPostprocessing = 0;
		};
/* End PBXSourcesBuildPhase section */

/* Begin PBXVariantGroup section */
		2A0288372CA582BD0062DE9A /* Main.storyboard */ = {
			isa = PBXVariantGroup;
			children = (
				2A0288382CA582BD0062DE9A /* Base */,
			);
			name = Main.storyboard;
			sourceTree = "<group>";
		};
		2A02883C2CA582BE0062DE9A /* LaunchScreen.storyboard */ = {
			isa = PBXVariantGroup;
			children = (
				2A02883D2CA582BE0062DE9A /* Base */,
			);
			name = LaunchScreen.storyboard;
			sourceTree = "<group>";
		};
/* End PBXVariantGroup section */

/* Begin XCBuildConfiguration section */
		2A0288402CA582BE0062DE9A /* Debug */ = {
			isa = XCBuildConfiguration;
			buildSettings = {
				ALWAYS_SEARCH_USER_PATHS = NO;
				ASSETCATALOG_COMPILER_GENERATE_SWIFT_ASSET_SYMBOL_EXTENSIONS = YES;
				CLANG_ANALYZER_NONNULL = YES;
				CLANG_ANALYZER_NUMBER_OBJECT_CONVERSION = YES_AGGRESSIVE;
				CLANG_CXX_LANGUAGE_STANDARD = "gnu++20";
				CLANG_ENABLE_MODULES = YES;
				CLANG_ENABLE_OBJC_ARC = YES;
				CLANG_ENABLE_OBJC_WEAK = YES;
				CLANG_WARN_BLOCK_CAPTURE_AUTORELEASING = YES;
				CLANG_WARN_BOOL_CONVERSION = YES;
				CLANG_WARN_COMMA = YES;
				CLANG_WARN_CONSTANT_CONVERSION = YES;
				CLANG_WARN_DEPRECATED_OBJC_IMPLEMENTATIONS = YES;
				CLANG_WARN_DIRECT_OBJC_ISA_USAGE = YES_ERROR;
				CLANG_WARN_DOCUMENTATION_COMMENTS = YES;
				CLANG_WARN_EMPTY_BODY = YES;
				CLANG_WARN_ENUM_CONVERSION = YES;
				CLANG_WARN_INFINITE_RECURSION = YES;
				CLANG_WARN_INT_CONVERSION = YES;
				CLANG_WARN_NON_LITERAL_NULL_CONVERSION = YES;
				CLANG_WARN_OBJC_IMPLICIT_RETAIN_SELF = YES;
				CLANG_WARN_OBJC_LITERAL_CONVERSION = YES;
				CLANG_WARN_OBJC_ROOT_CLASS = YES_ERROR;
				CLANG_WARN_QUOTED_INCLUDE_IN_FRAMEWORK_HEADER = YES;
				CLANG_WARN_RANGE_LOOP_ANALYSIS = YES;
				CLANG_WARN_STRICT_PROTOTYPES = YES;
				CLANG_WARN_SUSPICIOUS_MOVE = YES;
				CLANG_WARN_UNGUARDED_AVAILABILITY = YES_AGGRESSIVE;
				CLANG_WARN_UNREACHABLE_CODE = YES;
				CLANG_WARN__DUPLICATE_METHOD_MATCH = YES;
				COPY_PHASE_STRIP = NO;
				DEBUG_INFORMATION_FORMAT = dwarf;
				ENABLE_STRICT_OBJC_MSGSEND = YES;
				ENABLE_TESTABILITY = YES;
				ENABLE_USER_SCRIPT_SANDBOXING = YES;
				GCC_C_LANGUAGE_STANDARD = gnu17;
				GCC_DYNAMIC_NO_PIC = NO;
				GCC_NO_COMMON_BLOCKS = YES;
				GCC_OPTIMIZATION_LEVEL = 0;
				GCC_PREPROCESSOR_DEFINITIONS = (
					"DEBUG=1",
					"$(inherited)",
				);
				GCC_WARN_64_TO_32_BIT_CONVERSION = YES;
				GCC_WARN_ABOUT_RETURN_TYPE = YES_ERROR;
				GCC_WARN_UNDECLARED_SELECTOR = YES;
				GCC_WARN_UNINITIALIZED_AUTOS = YES_AGGRESSIVE;
				GCC_WARN_UNUSED_FUNCTION = YES;
				GCC_WARN_UNUSED_VARIABLE = YES;
				IPHONEOS_DEPLOYMENT_TARGET = 17.5;
				LOCALIZATION_PREFERS_STRING_CATALOGS = YES;
				MTL_ENABLE_DEBUG_INFO = INCLUDE_SOURCE;
				MTL_FAST_MATH = YES;
				ONLY_ACTIVE_ARCH = YES;
				SDKROOT = iphoneos;
				SWIFT_ACTIVE_COMPILATION_CONDITIONS = "DEBUG $(inherited)";
				SWIFT_OPTIMIZATION_LEVEL = "-Onone";
			};
			name = Debug;
		};
		2A0288412CA582BE0062DE9A /* Release */ = {
			isa = XCBuildConfiguration;
			buildSettings = {
				ALWAYS_SEARCH_USER_PATHS = NO;
				ASSETCATALOG_COMPILER_GENERATE_SWIFT_ASSET_SYMBOL_EXTENSIONS = YES;
				CLANG_ANALYZER_NONNULL = YES;
				CLANG_ANALYZER_NUMBER_OBJECT_CONVERSION = YES_AGGRESSIVE;
				CLANG_CXX_LANGUAGE_STANDARD = "gnu++20";
				CLANG_ENABLE_MODULES = YES;
				CLANG_ENABLE_OBJC_ARC = YES;
				CLANG_ENABLE_OBJC_WEAK = YES;
				CLANG_WARN_BLOCK_CAPTURE_AUTORELEASING = YES;
				CLANG_WARN_BOOL_CONVERSION = YES;
				CLANG_WARN_COMMA = YES;
				CLANG_WARN_CONSTANT_CONVERSION = YES;
				CLANG_WARN_DEPRECATED_OBJC_IMPLEMENTATIONS = YES;
				CLANG_WARN_DIRECT_OBJC_ISA_USAGE = YES_ERROR;
				CLANG_WARN_DOCUMENTATION_COMMENTS = YES;
				CLANG_WARN_EMPTY_BODY = YES;
				CLANG_WARN_ENUM_CONVERSION = YES;
				CLANG_WARN_INFINITE_RECURSION = YES;
				CLANG_WARN_INT_CONVERSION = YES;
				CLANG_WARN_NON_LITERAL_NULL_CONVERSION = YES;
				CLANG_WARN_OBJC_IMPLICIT_RETAIN_SELF = YES;
				CLANG_WARN_OBJC_LITERAL_CONVERSION = YES;
				CLANG_WARN_OBJC_ROOT_CLASS = YES_ERROR;
				CLANG_WARN_QUOTED_INCLUDE_IN_FRAMEWORK_HEADER = YES;
				CLANG_WARN_RANGE_LOOP_ANALYSIS = YES;
				CLANG_WARN_STRICT_PROTOTYPES = YES;
				CLANG_WARN_SUSPICIOUS_MOVE = YES;
				CLANG_WARN_UNGUARDED_AVAILABILITY = YES_AGGRESSIVE;
				CLANG_WARN_UNREACHABLE_CODE = YES;
				CLANG_WARN__DUPLICATE_METHOD_MATCH = YES;
				COPY_PHASE_STRIP = NO;
				DEBUG_INFORMATION_FORMAT = "dwarf-with-dsym";
				ENABLE_NS_ASSERTIONS = NO;
				ENABLE_STRICT_OBJC_MSGSEND = YES;
				ENABLE_USER_SCRIPT_SANDBOXING = YES;
				GCC_C_LANGUAGE_STANDARD = gnu17;
				GCC_NO_COMMON_BLOCKS = YES;
				GCC_WARN_64_TO_32_BIT_CONVERSION = YES;
				GCC_WARN_ABOUT_RETURN_TYPE = YES_ERROR;
				GCC_WARN_UNDECLARED_SELECTOR = YES;
				GCC_WARN_UNINITIALIZED_AUTOS = YES_AGGRESSIVE;
				GCC_WARN_UNUSED_FUNCTION = YES;
				GCC_WARN_UNUSED_VARIABLE = YES;
				IPHONEOS_DEPLOYMENT_TARGET = 17.5;
				LOCALIZATION_PREFERS_STRING_CATALOGS = YES;
				MTL_ENABLE_DEBUG_INFO = NO;
				MTL_FAST_MATH = YES;
				SDKROOT = iphoneos;
				SWIFT_COMPILATION_MODE = wholemodule;
				VALIDATE_PRODUCT = YES;
			};
			name = Release;
		};
		2A0288432CA582BE0062DE9A /* Debug */ = {
			isa = XCBuildConfiguration;
			buildSettings = {
				ASSETCATALOG_COMPILER_APPICON_NAME = AppIcon;
				ASSETCATALOG_COMPILER_GLOBAL_ACCENT_COLOR_NAME = AccentColor;
				CODE_SIGN_STYLE = Automatic;
				CURRENT_PROJECT_VERSION = 1;
				GENERATE_INFOPLIST_FILE = YES;
				INFOPLIST_FILE = KitHub/Info.plist;
				INFOPLIST_KEY_UIApplicationSupportsIndirectInputEvents = YES;
				INFOPLIST_KEY_UILaunchStoryboardName = LaunchScreen;
				INFOPLIST_KEY_UIMainStoryboardFile = Main;
				INFOPLIST_KEY_UISupportedInterfaceOrientations_iPad = "UIInterfaceOrientationPortrait UIInterfaceOrientationPortraitUpsideDown UIInterfaceOrientationLandscapeLeft UIInterfaceOrientationLandscapeRight";
				INFOPLIST_KEY_UISupportedInterfaceOrientations_iPhone = "UIInterfaceOrientationPortrait UIInterfaceOrientationLandscapeLeft UIInterfaceOrientationLandscapeRight";
				LD_RUNPATH_SEARCH_PATHS = (
					"$(inherited)",
					"@executable_path/Frameworks",
				);
				MARKETING_VERSION = 1.0;
				PRODUCT_BUNDLE_IDENTIFIER = com.kitHub.KitHub;
				PRODUCT_NAME = "$(TARGET_NAME)";
				SWIFT_EMIT_LOC_STRINGS = YES;
				SWIFT_VERSION = 5.0;
				TARGETED_DEVICE_FAMILY = "1,2";
			};
			name = Debug;
		};
		2A0288442CA582BE0062DE9A /* Release */ = {
			isa = XCBuildConfiguration;
			buildSettings = {
				ASSETCATALOG_COMPILER_APPICON_NAME = AppIcon;
				ASSETCATALOG_COMPILER_GLOBAL_ACCENT_COLOR_NAME = AccentColor;
				CODE_SIGN_STYLE = Automatic;
				CURRENT_PROJECT_VERSION = 1;
				GENERATE_INFOPLIST_FILE = YES;
				INFOPLIST_FILE = KitHub/Info.plist;
				INFOPLIST_KEY_UIApplicationSupportsIndirectInputEvents = YES;
				INFOPLIST_KEY_UILaunchStoryboardName = LaunchScreen;
				INFOPLIST_KEY_UIMainStoryboardFile = Main;
				INFOPLIST_KEY_UISupportedInterfaceOrientations_iPad = "UIInterfaceOrientationPortrait UIInterfaceOrientationPortraitUpsideDown UIInterfaceOrientationLandscapeLeft UIInterfaceOrientationLandscapeRight";
				INFOPLIST_KEY_UISupportedInterfaceOrientations_iPhone = "UIInterfaceOrientationPortrait UIInterfaceOrientationLandscapeLeft UIInterfaceOrientationLandscapeRight";
				LD_RUNPATH_SEARCH_PATHS = (
					"$(inherited)",
					"@executable_path/Frameworks",
				);
				MARKETING_VERSION = 1.0;
				PRODUCT_BUNDLE_IDENTIFIER = com.kitHub.KitHub;
				PRODUCT_NAME = "$(TARGET_NAME)";
				SWIFT_EMIT_LOC_STRINGS = YES;
				SWIFT_VERSION = 5.0;
				TARGETED_DEVICE_FAMILY = "1,2";
			};
			name = Release;
		};
/* End XCBuildConfiguration section */

/* Begin XCConfigurationList section */
		2A0288292CA582BD0062DE9A /* Build configuration list for PBXProject "KitHub" */ = {
			isa = XCConfigurationList;
			buildConfigurations = (
				2A0288402CA582BE0062DE9A /* Debug */,
				2A0288412CA582BE0062DE9A /* Release */,
			);
			defaultConfigurationIsVisible = 0;
			defaultConfigurationName = Release;
		};
		2A0288422CA582BE0062DE9A /* Build configuration list for PBXNativeTarget "KitHub" */ = {
			isa = XCConfigurationList;
			buildConfigurations = (
				2A0288432CA582BE0062DE9A /* Debug */,
				2A0288442CA582BE0062DE9A /* Release */,
			);
			defaultConfigurationIsVisible = 0;
			defaultConfigurationName = Release;
		};
/* End XCConfigurationList section */
	};
	rootObject = 2A0288262CA582BD0062DE9A /* Project object */;
}
